{
  "name": "trace",
  "version": "1.0.0",
  "lockfileVersion": 2,
  "requires": true,
  "packages": {
    "": {
      "name": "trace",
      "version": "1.0.0",
      "license": "ISC",
      "dependencies": {
        "autotrace": "^0.0.2"
      }
    },
    "node_modules/autotrace": {
      "version": "0.0.2",
      "resolved": "https://registry.npmjs.org/autotrace/-/autotrace-0.0.2.tgz",
      "integrity": "sha512-mhtCiDE/t+w5XulGghKWXmMAoceOEcErmVUnPyQscfkEPx5AiJ62vhhd3g9sRBjVprEZhuMsB465W7E47A/loQ=="
    }
  },
  "dependencies": {
    "autotrace": {
      "version": "0.0.2",
      "resolved": "https://registry.npmjs.org/autotrace/-/autotrace-0.0.2.tgz",
      "integrity": "sha512-mhtCiDE/t+w5XulGghKWXmMAoceOEcErmVUnPyQscfkEPx5AiJ62vhhd3g9sRBjVprEZhuMsB465W7E47A/loQ=="
    }
  }
}
